// !$*UTF8*$!
{
	archiveVersion = 1;
	classes = {
	};
	objectVersion = 46;
	objects = {

/* Begin PBXBuildFile section */
		46FB905D1A9275DE00AC0033 /* AppDelegate.swift in Sources */ = {isa = PBXBuildFile; fileRef = 46FB905C1A9275DE00AC0033 /* AppDelegate.swift */; };
		46FB905F1A9275DE00AC0033 /* ViewController.swift in Sources */ = {isa = PBXBuildFile; fileRef = 46FB905E1A9275DE00AC0033 /* ViewController.swift */; };
		46FB90621A9275DE00AC0033 /* Main.storyboard in Resources */ = {isa = PBXBuildFile; fileRef = 46FB90601A9275DE00AC0033 /* Main.storyboard */; };
		46FB90641A9275DE00AC0033 /* Images.xcassets in Resources */ = {isa = PBXBuildFile; fileRef = 46FB90631A9275DE00AC0033 /* Images.xcassets */; };
		46FB90671A9275DE00AC0033 /* LaunchScreen.xib in Resources */ = {isa = PBXBuildFile; fileRef = 46FB90651A9275DE00AC0033 /* LaunchScreen.xib */; };
		46FB90731A9275DE00AC0033 /* tTests.swift in Sources */ = {isa = PBXBuildFile; fileRef = 46FB90721A9275DE00AC0033 /* tTests.swift */; };
/* End PBXBuildFile section */

/* Begin PBXContainerItemProxy section */
		46FB906D1A9275DE00AC0033 /* PBXContainerItemProxy */ = {
			isa = PBXContainerItemProxy;
			containerPortal = 46FB904F1A9275DE00AC0033 /* Project object */;
			proxyType = 1;
			remoteGlobalIDString = 46FB90561A9275DE00AC0033;
			remoteInfo = t;
		};
/* End PBXContainerItemProxy section */

/* Begin PBXFileReference section */
		46FB90571A9275DE00AC0033 /* t.app */ = {isa = PBXFileReference; explicitFileType = wrapper.application; includeInIndex = 0; path = t.app; sourceTree = BUILT_PRODUCTS_DIR; };
		46FB905B1A9275DE00AC0033 /* Info.plist */ = {isa = PBXFileReference; lastKnownFileType = text.plist.xml; path = Info.plist; sourceTree = "<group>"; };
		46FB905C1A9275DE00AC0033 /* AppDelegate.swift */ = {isa = PBXFileReference; lastKnownFileType = sourcecode.swift; path = AppDelegate.swift; sourceTree = "<group>"; };
		46FB905E1A9275DE00AC0033 /* ViewController.swift */ = {isa = PBXFileReference; lastKnownFileType = sourcecode.swift; path = ViewController.swift; sourceTree = "<group>"; };
		46FB90611A9275DE00AC0033 /* Base */ = {isa = PBXFileReference; lastKnownFileType = file.storyboard; name = Base; path = Base.lproj/Main.storyboard; sourceTree = "<group>"; };
		46FB90631A9275DE00AC0033 /* Images.xcassets */ = {isa = PBXFileReference; lastKnownFileType = folder.assetcatalog; path = Images.xcassets; sourceTree = "<group>"; };
		46FB90661A9275DE00AC0033 /* Base */ = {isa = PBXFileReference; lastKnownFileType = file.xib; name = Base; path = Base.lproj/LaunchScreen.xib; sourceTree = "<group>"; };
		46FB906C1A9275DE00AC0033 /* tTests.xctest */ = {isa = PBXFileReference; explicitFileType = wrapper.cfbundle; includeInIndex = 0; path = tTests.xctest; sourceTree = BUILT_PRODUCTS_DIR; };
		46FB90711A9275DE00AC0033 /* Info.plist */ = {isa = PBXFileReference; lastKnownFileType = text.plist.xml; path = Info.plist; sourceTree = "<group>"; };
		46FB90721A9275DE00AC0033 /* tTests.swift */ = {isa = PBXFileReference; lastKnownFileType = sourcecode.swift; path = tTests.swift; sourceTree = "<group>"; };
/* End PBXFileReference section */

/* Begin PBXFrameworksBuildPhase section */
		46FB90541A9275DE00AC0033 /* Frameworks */ = {
			isa = PBXFrameworksBuildPhase;
			buildActionMask = 2147483647;
			files = (
			);
			runOnlyForDeploymentPostprocessing = 0;
		};
		46FB90691A9275DE00AC0033 /* Frameworks */ = {
			isa = PBXFrameworksBuildPhase;
			buildActionMask = 2147483647;
			files = (
			);
			runOnlyForDeploymentPostprocessing = 0;
		};
/* End PBXFrameworksBuildPhase section */

/* Begin PBXGroup section */
		46FB904E1A9275DE00AC0033 = {
			isa = PBXGroup;
			children = (
				46FB90591A9275DE00AC0033 /* t */,
				46FB906F1A9275DE00AC0033 /* tTests */,
				46FB90581A9275DE00AC0033 /* Products */,
			);
			sourceTree = "<group>";
		};
		46FB90581A9275DE00AC0033 /* Products */ = {
			isa = PBXGroup;
			children = (
				46FB90571A9275DE00AC0033 /* t.app */,
				46FB906C1A9275DE00AC0033 /* tTests.xctest */,
			);
			name = Products;
			sourceTree = "<group>";
		};
		46FB90591A9275DE00AC0033 /* t */ = {
			isa = PBXGroup;
			children = (
				46FB905C1A9275DE00AC0033 /* AppDelegate.swift */,
				46FB905E1A9275DE00AC0033 /* ViewController.swift */,
				46FB90601A9275DE00AC0033 /* Main.storyboard */,
				46FB90631A9275DE00AC0033 /* Images.xcassets */,
				46FB90651A9275DE00AC0033 /* LaunchScreen.xib */,
				46FB905A1A9275DE00AC0033 /* Supporting Files */,
			);
			path = t;
			sourceTree = "<group>";
		};
		46FB905A1A9275DE00AC0033 /* Supporting Files */ = {
			isa = PBXGroup;
			children = (
				46FB905B1A9275DE00AC0033 /* Info.plist */,
			);
			name = "Supporting Files";
			sourceTree = "<group>";
		};
		46FB906F1A9275DE00AC0033 /* tTests */ = {
			isa = PBXGroup;
			children = (
				46FB90721A9275DE00AC0033 /* tTests.swift */,
				46FB90701A9275DE00AC0033 /* Supporting Files */,
			);
			path = tTests;
			sourceTree = "<group>";
		};
		46FB90701A9275DE00AC0033 /* Supporting Files */ = {
			isa = PBXGroup;
			children = (
				46FB90711A9275DE00AC0033 /* Info.plist */,
			);
			name = "Supporting Files";
			sourceTree = "<group>";
		};
/* End PBXGroup section */

/* Begin PBXNativeTarget section */
		46FB90561A9275DE00AC0033 /* t */ = {
			isa = PBXNativeTarget;
			buildConfigurationList = 46FB90761A9275DE00AC0033 /* Build configuration list for PBXNativeTarget "t" */;
			buildPhases = (
				46FB90531A9275DE00AC0033 /* Sources */,
				46FB90541A9275DE00AC0033 /* Frameworks */,
				46FB90551A9275DE00AC0033 /* Resources */,
			);
			buildRules = (
			);
			dependencies = (
			);
			name = t;
			productName = t;
			productReference = 46FB90571A9275DE00AC0033 /* t.app */;
			productType = "com.apple.product-type.application";
		};
		46FB906B1A9275DE00AC0033 /* tTests */ = {
			isa = PBXNativeTarget;
			buildConfigurationList = 46FB90791A9275DE00AC0033 /* Build configuration list for PBXNativeTarget "tTests" */;
			buildPhases = (
				46FB90681A9275DE00AC0033 /* Sources */,
				46FB90691A9275DE00AC0033 /* Frameworks */,
				46FB906A1A9275DE00AC0033 /* Resources */,
			);
			buildRules = (
			);
			dependencies = (
				46FB906E1A9275DE00AC0033 /* PBXTargetDependency */,
			);
			name = tTests;
			productName = tTests;
			productReference = 46FB906C1A9275DE00AC0033 /* tTests.xctest */;
			productType = "com.apple.product-type.bundle.unit-test";
		};
/* End PBXNativeTarget section */

/* Begin PBXProject section */
		46FB904F1A9275DE00AC0033 /* Project object */ = {
			isa = PBXProject;
			attributes = {
				LastUpgradeCheck = 0610;
				ORGANIZATIONNAME = MR.A;
				TargetAttributes = {
					46FB90561A9275DE00AC0033 = {
						CreatedOnToolsVersion = 6.1.1;
					};
					46FB906B1A9275DE00AC0033 = {
						CreatedOnToolsVersion = 6.1.1;
						TestTargetID = 46FB90561A9275DE00AC0033;
					};
				};
			};
			buildConfigurationList = 46FB90521A9275DE00AC0033 /* Build configuration list for PBXProject "t" */;
			compatibilityVersion = "Xcode 3.2";
			developmentRegion = English;
			hasScannedForEncodings = 0;
			knownRegions = (
				en,
				Base,
			);
			mainGroup = 46FB904E1A9275DE00AC0033;
			productRefGroup = 46FB90581A9275DE00AC0033 /* Products */;
			projectDirPath = "";
			projectRoot = "";
			targets = (
				46FB90561A9275DE00AC0033 /* t */,
				46FB906B1A9275DE00AC0033 /* tTests */,
			);
		};
/* End PBXProject section */

/* Begin PBXResourcesBuildPhase section */
		46FB90551A9275DE00AC0033 /* Resources */ = {
			isa = PBXResourcesBuildPhase;
			buildActionMask = 2147483647;
			files = (
				46FB90621A9275DE00AC0033 /* Main.storyboard in Resources */,
				46FB90671A9275DE00AC0033 /* LaunchScreen.xib in Resources */,
				46FB90641A9275DE00AC0033 /* Images.xcassets in Resources */,
			);
			runOnlyForDeploymentPostprocessing = 0;
		};
		46FB906A1A9275DE00AC0033 /* Resources */ = {
			isa = PBXResourcesBuildPhase;
			buildActionMask = 2147483647;
			files = (
			);
			runOnlyForDeploymentPostprocessing = 0;
		};
/* End PBXResourcesBuildPhase section */

/* Begin PBXSourcesBuildPhase section */
		46FB90531A9275DE00AC0033 /* Sources */ = {
			isa = PBXSourcesBuildPhase;
			buildActionMask = 2147483647;
			files = (
				46FB905F1A9275DE00AC0033 /* ViewController.swift in Sources */,
				46FB905D1A9275DE00AC0033 /* AppDelegate.swift in Sources */,
			);
			runOnlyForDeploymentPostprocessing = 0;
		};
		46FB90681A9275DE00AC0033 /* Sources */ = {
			isa = PBXSourcesBuildPhase;
			buildActionMask = 2147483647;
			files = (
				46FB90731A9275DE00AC0033 /* tTests.swift in Sources */,
			);
			runOnlyForDeploymentPostprocessing = 0;
		};
/* End PBXSourcesBuildPhase section */

/* Begin PBXTargetDependency section */
		46FB906E1A9275DE00AC0033 /* PBXTargetDependency */ = {
			isa = PBXTargetDependency;
			target = 46FB90561A9275DE00AC0033 /* t */;
			targetProxy = 46FB906D1A9275DE00AC0033 /* PBXContainerItemProxy */;
		};
/* End PBXTargetDependency section */

/* Begin PBXVariantGroup section */
		46FB90601A9275DE00AC0033 /* Main.storyboard */ = {
			isa = PBXVariantGroup;
			children = (
				46FB90611A9275DE00AC0033 /* Base */,
			);
			name = Main.storyboard;
			sourceTree = "<group>";
		};
		46FB90651A9275DE00AC0033 /* LaunchScreen.xib */ = {
			isa = PBXVariantGroup;
			children = (
				46FB90661A9275DE00AC0033 /* Base */,
			);
			name = LaunchScreen.xib;
			sourceTree = "<group>";
		};
/* End PBXVariantGroup section */

/* Begin XCBuildConfiguration section */
		46FB90741A9275DE00AC0033 /* Debug */ = {
			isa = XCBuildConfiguration;
			buildSettings = {
				ALWAYS_SEARCH_USER_PATHS = NO;
				CLANG_CXX_LANGUAGE_STANDARD = "gnu++0x";
				CLANG_CXX_LIBRARY = "libc++";
				CLANG_ENABLE_MODULES = YES;
				CLANG_ENABLE_OBJC_ARC = YES;
				CLANG_WARN_BOOL_CONVERSION = YES;
				CLANG_WARN_CONSTANT_CONVERSION = YES;
				CLANG_WARN_DIRECT_OBJC_ISA_USAGE = YES_ERROR;
				CLANG_WARN_EMPTY_BODY = YES;
				CLANG_WARN_ENUM_CONVERSION = YES;
				CLANG_WARN_INT_CONVERSION = YES;
				CLANG_WARN_OBJC_ROOT_CLASS = YES_ERROR;
				CLANG_WARN_UNREACHABLE_CODE = YES;
				CLANG_WARN__DUPLICATE_METHOD_MATCH = YES;
				"CODE_SIGN_IDENTITY[sdk=iphoneos*]" = "iPhone Developer";
				COPY_PHASE_STRIP = NO;
				ENABLE_STRICT_OBJC_MSGSEND = YES;
				GCC_C_LANGUAGE_STANDARD = gnu99;
				GCC_DYNAMIC_NO_PIC = NO;
				GCC_OPTIMIZATION_LEVEL = 0;
				GCC_PREPROCESSOR_DEFINITIONS = (
					"DEBUG=1",
					"$(inherited)",
				);
				GCC_SYMBOLS_PRIVATE_EXTERN = NO;
				GCC_WARN_64_TO_32_BIT_CONVERSION = YES;
				GCC_WARN_ABOUT_RETURN_TYPE = YES_ERROR;
				GCC_WARN_UNDECLARED_SELECTOR = YES;
				GCC_WARN_UNINITIALIZED_AUTOS = YES_AGGRESSIVE;
				GCC_WARN_UNUSED_FUNCTION = YES;
				GCC_WARN_UNUSED_VARIABLE = YES;
				IPHONEOS_DEPLOYMENT_TARGET = 8.1;
				MTL_ENABLE_DEBUG_INFO = YES;
				ONLY_ACTIVE_ARCH = YES;
				SDKROOT = iphoneos;
				SWIFT_OPTIMIZATION_LEVEL = "-Onone";
			};
			name = Debug;
		};
		46FB90751A9275DE00AC0033 /* Release */ = {
			isa = XCBuildConfiguration;
			buildSettings = {
				ALWAYS_SEARCH_USER_PATHS = NO;
				CLANG_CXX_LANGUAGE_STANDARD = "gnu++0x";
				CLANG_CXX_LIBRARY = "libc++";
				CLANG_ENABLE_MODULES = YES;
				CLANG_ENABLE_OBJC_ARC = YES;
				CLANG_WARN_BOOL_CONVERSION = YES;
				CLANG_WARN_CONSTANT_CONVERSION = YES;
				CLANG_WARN_DIRECT_OBJC_ISA_USAGE = YES_ERROR;
				CLANG_WARN_EMPTY_BODY = YES;
				CLANG_WARN_ENUM_CONVERSION = YES;
				CLANG_WARN_INT_CONVERSION = YES;
				CLANG_WARN_OBJC_ROOT_CLASS = YES_ERROR;
				CLANG_WARN_UNREACHABLE_CODE = YES;
				CLANG_WARN__DUPLICATE_METHOD_MATCH = YES;
				"CODE_SIGN_IDENTITY[sdk=iphoneos*]" = "iPhone Developer";
				COPY_PHASE_STRIP = YES;
				ENABLE_NS_ASSERTIONS = NO;
				ENABLE_STRICT_OBJC_MSGSEND = YES;
				GCC_C_LANGUAGE_STANDARD = gnu99;
				GCC_WARN_64_TO_32_BIT_CONVERSION = YES;
				GCC_WARN_ABOUT_RETURN_TYPE = YES_ERROR;
				GCC_WARN_UNDECLARED_SELECTOR = YES;
				GCC_WARN_UNINITIALIZED_AUTOS = YES_AGGRESSIVE;
				GCC_WARN_UNUSED_FUNCTION = YES;
				GCC_WARN_UNUSED_VARIABLE = YES;
				IPHONEOS_DEPLOYMENT_TARGET = 8.1;
				MTL_ENABLE_DEBUG_INFO = NO;
				SDKROOT = iphoneos;
				VALIDATE_PRODUCT = YES;
			};
			name = Release;
		};
		46FB90771A9275DE00AC0033 /* Debug */ = {
			isa = XCBuildConfiguration;
			buildSettings = {
				ASSETCATALOG_COMPILER_APPICON_NAME = AppIcon;
				INFOPLIST_FILE = t/Info.plist;
				LD_RUNPATH_SEARCH_PATHS = "$(inherited) @executable_path/Frameworks";
				PRODUCT_NAME = "$(TARGET_NAME)";
			};
			name = Debug;
		};
		46FB90781A9275DE00AC0033 /* Release */ = {
			isa = XCBuildConfiguration;
			buildSettings = {
				ASSETCATALOG_COMPILER_APPICON_NAME = AppIcon;
				INFOPLIST_FILE = t/Info.plist;
				LD_RUNPATH_SEARCH_PATHS = "$(inherited) @executable_path/Frameworks";
				PRODUCT_NAME = "$(TARGET_NAME)";
			};
			name = Release;
		};
		46FB907A1A9275DE00AC0033 /* Debug */ = {
			isa = XCBuildConfiguration;
			buildSettings = {
				BUNDLE_LOADER = "$(TEST_HOST)";
				FRAMEWORK_SEARCH_PATHS = (
					"$(SDKROOT)/Developer/Library/Frameworks",
					"$(inherited)",
				);
				GCC_PREPROCESSOR_DEFINITIONS = (
					"DEBUG=1",
					"$(inherited)",
				);
				INFOPLIST_FILE = tTests/Info.plist;
				LD_RUNPATH_SEARCH_PATHS = "$(inherited) @executable_path/Frameworks @loader_path/Frameworks";
				PRODUCT_NAME = "$(TARGET_NAME)";
				TEST_HOST = "$(BUILT_PRODUCTS_DIR)/t.app/t";
			};
			name = Debug;
		};
		46FB907B1A9275DE00AC0033 /* Release */ = {
			isa = XCBuildConfiguration;
			buildSettings = {
				BUNDLE_LOADER = "$(TEST_HOST)";
				FRAMEWORK_SEARCH_PATHS = (
					"$(SDKROOT)/Developer/Library/Frameworks",
					"$(inherited)",
				);
				INFOPLIST_FILE = tTests/Info.plist;
				LD_RUNPATH_SEARCH_PATHS = "$(inherited) @executable_path/Frameworks @loader_path/Frameworks";
				PRODUCT_NAME = "$(TARGET_NAME)";
				TEST_HOST = "$(BUILT_PRODUCTS_DIR)/t.app/t";
			};
			name = Release;
		};
/* End XCBuildConfiguration section */

/* Begin XCConfigurationList section */
		46FB90521A9275DE00AC0033 /* Build configuration list for PBXProject "t" */ = {
			isa = XCConfigurationList;
			buildConfigurations = (
				46FB90741A9275DE00AC0033 /* Debug */,
				46FB90751A9275DE00AC0033 /* Release */,
			);
			defaultConfigurationIsVisible = 0;
			defaultConfigurationName = Release;
		};
		46FB90761A9275DE00AC0033 /* Build configuration list for PBXNativeTarget "t" */ = {
			isa = XCConfigurationList;
			buildConfigurations = (
				46FB90771A9275DE00AC0033 /* Debug */,
				46FB90781A9275DE00AC0033 /* Release */,
			);
			defaultConfigurationIsVisible = 0;
		};
		46FB90791A9275DE00AC0033 /* Build configuration list for PBXNativeTarget "tTests" */ = {
			isa = XCConfigurationList;
			buildConfigurations = (
				46FB907A1A9275DE00AC0033 /* Debug */,
				46FB907B1A9275DE00AC0033 /* Release */,
			);
			defaultConfigurationIsVisible = 0;
		};
/* End XCConfigurationList section */
	};
	rootObject = 46FB904F1A9275DE00AC0033 /* Project object */;
}
